
Microsoft Visual Studio Solution File, Format Version 12.00
# Visual Studio 2013
VisualStudioVersion = 12.0.31101.0
MinimumVisualStudioVersion = 10.0.40219.1
Project("{FAE04EC0-301F-11D3-BF4B-00C04F79EFBC}") = "BurnSystems.CommandLine", "BurnSystems.CommandLine\BurnSystems.CommandLine.csproj", "{F9900148-44FF-4021-980A-29CCD4FED9A9}"
EndProject
Project("{FAE04EC0-301F-11D3-BF4B-00C04F79EFBC}") = "BurnSystems.CommandLine.Test", "BurnSystems.CommandLine.Test\BurnSystems.CommandLine.Test.csproj", "{60CA5E7A-8795-4B35-BAB8-1852FEA33FAE}"
EndProject
Project("{2150E333-8FDC-42A3-9474-1A3956D46DE8}") = ".nuget", ".nuget", "{760C990D-C35B-48B1-8D6D-CB5D3259610A}"
	ProjectSection(SolutionItems) = preProject
		.nuget\NuGet.Config = .nuget\NuGet.Config
		.nuget\NuGet.exe = .nuget\NuGet.exe
		.nuget\NuGet.targets = .nuget\NuGet.targets
		.nuget\packages.config = .nuget\packages.config
	EndProjectSection
EndProject
Project("{FAE04EC0-301F-11D3-BF4B-00C04F79EFBC}") = "ConsoleApp", "ConsoleApp\ConsoleApp.csproj", "{D094E7E7-C435-458B-ADD1-28F9C193E94F}"
EndProject
Global
	GlobalSection(SolutionConfigurationPlatforms) = preSolution
		Debug|Any CPU = Debug|Any CPU
		Release|Any CPU = Release|Any CPU
	EndGlobalSection
	GlobalSection(ProjectConfigurationPlatforms) = postSolution
		{F9900148-44FF-4021-980A-29CCD4FED9A9}.Debug|Any CPU.ActiveCfg = Debug|Any CPU
		{F9900148-44FF-4021-980A-29CCD4FED9A9}.Debug|Any CPU.Build.0 = Debug|Any CPU
		{F9900148-44FF-4021-980A-29CCD4FED9A9}.Release|Any CPU.ActiveCfg = Release|Any CPU
		{F9900148-44FF-4021-980A-29CCD4FED9A9}.Release|Any CPU.Build.0 = Release|Any CPU
		{60CA5E7A-8795-4B35-BAB8-1852FEA33FAE}.Debug|Any CPU.ActiveCfg = Debug|Any CPU
		{60CA5E7A-8795-4B35-BAB8-1852FEA33FAE}.Debug|Any CPU.Build.0 = Debug|Any CPU
		{60CA5E7A-8795-4B35-BAB8-1852FEA33FAE}.Release|Any CPU.ActiveCfg = Release|Any CPU
		{60CA5E7A-8795-4B35-BAB8-1852FEA33FAE}.Release|Any CPU.Build.0 = Release|Any CPU
		{D094E7E7-C435-458B-ADD1-28F9C193E94F}.Debug|Any CPU.ActiveCfg = Debug|Any CPU
		{D094E7E7-C435-458B-ADD1-28F9C193E94F}.Debug|Any CPU.Build.0 = Debug|Any CPU
		{D094E7E7-C435-458B-ADD1-28F9C193E94F}.Release|Any CPU.ActiveCfg = Release|Any CPU
		{D094E7E7-C435-458B-ADD1-28F9C193E94F}.Release|Any CPU.Build.0 = Release|Any CPU
	EndGlobalSection
	GlobalSection(SolutionProperties) = preSolution
		HideSolutionNode = FALSE
	EndGlobalSection
EndGlobal
